
Microsoft Visual Studio Solution File, Format Version 12.00
# Visual Studio Version 17
VisualStudioVersion = 17.14.36804.6 d17.14
MinimumVisualStudioVersion = 10.0.40219.1
Project("{FAE04EC0-301F-11D3-BF4B-00C04F79EFBC}") = "MacPricing", "MacPricing.csproj", "{17064C3B-AABE-434E-91D3-4F474F73638F}"
EndProject
Global
	GlobalSection(SolutionConfigurationPlatforms) = preSolution
		Debug|Any CPU = Debug|Any CPU
		Release|Any CPU = Release|Any CPU
	EndGlobalSection
	GlobalSection(ProjectConfigurationPlatforms) = postSolution
		{17064C3B-AABE-434E-91D3-4F474F73638F}.Debug|Any CPU.ActiveCfg = Debug|Any CPU
		{17064C3B-AABE-434E-91D3-4F474F73638F}.Debug|Any CPU.Build.0 = Debug|Any CPU
		{17064C3B-AABE-434E-91D3-4F474F73638F}.Release|Any CPU.ActiveCfg = Release|Any CPU
		{17064C3B-AABE-434E-91D3-4F474F73638F}.Release|Any CPU.Build.0 = Release|Any CPU
	EndGlobalSection
	GlobalSection(SolutionProperties) = preSolution
		HideSolutionNode = FALSE
	EndGlobalSection
	GlobalSection(ExtensibilityGlobals) = postSolution
		SolutionGuid = {194489D7-A864-4374-B8C1-22B9F934C2C7}
	EndGlobalSection
EndGlobal
